
Microsoft Visual Studio Solution File, Format Version 12.00
# Visual Studio Version 17
VisualStudioVersion = 17.14.36408.4 d17.14
MinimumVisualStudioVersion = 10.0.40219.1
Project("{FAE04EC0-301F-11D3-BF4B-00C04F79EFBC}") = "DigitalAwareness", "DigitalAwareness\DigitalAwareness.csproj", "{F5BE9185-BC06-4B7C-AD1A-6EE80DD857A2}"
EndProject
Global
	GlobalSection(SolutionConfigurationPlatforms) = preSolution
		Debug|Any CPU = Debug|Any CPU
		Release|Any CPU = Release|Any CPU
	EndGlobalSection
	GlobalSection(ProjectConfigurationPlatforms) = postSolution
		{F5BE9185-BC06-4B7C-AD1A-6EE80DD857A2}.Debug|Any CPU.ActiveCfg = Debug|Any CPU
		{F5BE9185-BC06-4B7C-AD1A-6EE80DD857A2}.Debug|Any CPU.Build.0 = Debug|Any CPU
		{F5BE9185-BC06-4B7C-AD1A-6EE80DD857A2}.Release|Any CPU.ActiveCfg = Release|Any CPU
		{F5BE9185-BC06-4B7C-AD1A-6EE80DD857A2}.Release|Any CPU.Build.0 = Release|Any CPU
	EndGlobalSection
	GlobalSection(SolutionProperties) = preSolution
		HideSolutionNode = FALSE
	EndGlobalSection
	GlobalSection(ExtensibilityGlobals) = postSolution
		SolutionGuid = {D178D718-2A4C-45ED-9424-ED75AF77909D}
	EndGlobalSection
EndGlobal
